
Microsoft Visual Studio Solution File, Format Version 12.00
# Visual Studio Version 17
VisualStudioVersion = 17.6.33815.320
MinimumVisualStudioVersion = 10.0.40219.1
Project("{2150E333-8FDC-42A3-9474-1A3956D46DE8}") = "Presentation layer", "Presentation layer", "{8CA0832B-B4F1-4743-873D-5E737AF3CC26}"
EndProject
Project("{2150E333-8FDC-42A3-9474-1A3956D46DE8}") = "Shared", "Shared", "{226485C7-F863-4A81-AC16-5BB59F86DC2E}"
EndProject
Project("{2150E333-8FDC-42A3-9474-1A3956D46DE8}") = "Domain Models", "Domain Models", "{5A89371B-8E35-482D-9673-3122F88A1085}"
EndProject
Project("{9A19103F-16F7-4668-BE54-9A1E7A4F7556}") = "Server", "Server\Server.csproj", "{0AA5A2FB-C309-4CD3-BE1E-D58259AC3F6A}"
EndProject
Project("{9A19103F-16F7-4668-BE54-9A1E7A4F7556}") = "Resources", "Resources\Resources.csproj", "{9F612FA3-D836-40E0-80CC-DC7A833B3236}"
EndProject
Global
	GlobalSection(SolutionConfigurationPlatforms) = preSolution
		Debug|Any CPU = Debug|Any CPU
		Release|Any CPU = Release|Any CPU
	EndGlobalSection
	GlobalSection(ProjectConfigurationPlatforms) = postSolution
		{0AA5A2FB-C309-4CD3-BE1E-D58259AC3F6A}.Debug|Any CPU.ActiveCfg = Debug|Any CPU
		{0AA5A2FB-C309-4CD3-BE1E-D58259AC3F6A}.Debug|Any CPU.Build.0 = Debug|Any CPU
		{0AA5A2FB-C309-4CD3-BE1E-D58259AC3F6A}.Release|Any CPU.ActiveCfg = Release|Any CPU
		{0AA5A2FB-C309-4CD3-BE1E-D58259AC3F6A}.Release|Any CPU.Build.0 = Release|Any CPU
		{9F612FA3-D836-40E0-80CC-DC7A833B3236}.Debug|Any CPU.ActiveCfg = Debug|Any CPU
		{9F612FA3-D836-40E0-80CC-DC7A833B3236}.Debug|Any CPU.Build.0 = Debug|Any CPU
		{9F612FA3-D836-40E0-80CC-DC7A833B3236}.Release|Any CPU.ActiveCfg = Release|Any CPU
		{9F612FA3-D836-40E0-80CC-DC7A833B3236}.Release|Any CPU.Build.0 = Release|Any CPU
	EndGlobalSection
	GlobalSection(SolutionProperties) = preSolution
		HideSolutionNode = FALSE
	EndGlobalSection
	GlobalSection(NestedProjects) = preSolution
		{0AA5A2FB-C309-4CD3-BE1E-D58259AC3F6A} = {8CA0832B-B4F1-4743-873D-5E737AF3CC26}
		{9F612FA3-D836-40E0-80CC-DC7A833B3236} = {226485C7-F863-4A81-AC16-5BB59F86DC2E}
	EndGlobalSection
	GlobalSection(ExtensibilityGlobals) = postSolution
		SolutionGuid = {0880A2C4-387B-4635-9EB0-23BE4737CD73}
	EndGlobalSection
EndGlobal
